// !$*UTF8*$!
{
	archiveVersion = 1;
	classes = {
	};
	objectVersion = 55;
	objects = {

/* Begin PBXBuildFile section */
		2F0899A028D9B13A004DA24E /* hikeData.json in Resources */ = {isa = PBXBuildFile; fileRef = 2F08999F28D9B13A004DA24E /* hikeData.json */; };
		2F0899A228D9B162004DA24E /* Hike.swift in Sources */ = {isa = PBXBuildFile; fileRef = 2F0899A128D9B162004DA24E /* Hike.swift */; };
		2F0899A828D9C3F4004DA24E /* GraphCapsule.swift in Sources */ = {isa = PBXBuildFile; fileRef = 2F0899A428D9C3F4004DA24E /* GraphCapsule.swift */; };
		2F0899A928D9C3F4004DA24E /* HikeGraph.swift in Sources */ = {isa = PBXBuildFile; fileRef = 2F0899A528D9C3F4004DA24E /* HikeGraph.swift */; };
		2F0899AA28D9C3F4004DA24E /* HikeDetail.swift in Sources */ = {isa = PBXBuildFile; fileRef = 2F0899A628D9C3F4004DA24E /* HikeDetail.swift */; };
		2F0899AB28D9C3F4004DA24E /* HikeView.swift in Sources */ = {isa = PBXBuildFile; fileRef = 2F0899A728D9C3F4004DA24E /* HikeView.swift */; };
		2F212EAD28DC8C170060642E /* ProfileEditor.swift in Sources */ = {isa = PBXBuildFile; fileRef = 2F212EAC28DC8C170060642E /* ProfileEditor.swift */; };
		2F38E33828DDA5990018A373 /* PageViewController.swift in Sources */ = {isa = PBXBuildFile; fileRef = 2F38E33728DDA5990018A373 /* PageViewController.swift */; };
		2F38E33A28DDAB120018A373 /* FeatureCard.swift in Sources */ = {isa = PBXBuildFile; fileRef = 2F38E33928DDAB120018A373 /* FeatureCard.swift */; };
		2F38E33C28DDAE7C0018A373 /* PageView.swift in Sources */ = {isa = PBXBuildFile; fileRef = 2F38E33B28DDAE7C0018A373 /* PageView.swift */; };
		2F38E33E28DDC5D40018A373 /* PageControl.swift in Sources */ = {isa = PBXBuildFile; fileRef = 2F38E33D28DDC5D40018A373 /* PageControl.swift */; };
		2F78B52228D883880000B435 /* HexagonParameters.swift in Sources */ = {isa = PBXBuildFile; fileRef = 2F78B52128D883880000B435 /* HexagonParameters.swift */; };
		2F78B52428D888550000B435 /* BadgeBackground.swift in Sources */ = {isa = PBXBuildFile; fileRef = 2F78B52328D888550000B435 /* BadgeBackground.swift */; };
		2F78B52628D8AA6D0000B435 /* BadgeSymbol.swift in Sources */ = {isa = PBXBuildFile; fileRef = 2F78B52528D8AA6D0000B435 /* BadgeSymbol.swift */; };
		2F78B52828D8B10E0000B435 /* RotatedBadgeSymbol.swift in Sources */ = {isa = PBXBuildFile; fileRef = 2F78B52728D8B10E0000B435 /* RotatedBadgeSymbol.swift */; };
		2F78B52A28D8B2D50000B435 /* Badge.swift in Sources */ = {isa = PBXBuildFile; fileRef = 2F78B52928D8B2D50000B435 /* Badge.swift */; };
		2F7CB16C28D9FED900C3ED80 /* CategoryHome.swift in Sources */ = {isa = PBXBuildFile; fileRef = 2F7CB16B28D9FED900C3ED80 /* CategoryHome.swift */; };
		2F7CB16E28DA070100C3ED80 /* CategoryRow.swift in Sources */ = {isa = PBXBuildFile; fileRef = 2F7CB16D28DA070100C3ED80 /* CategoryRow.swift */; };
		2F9D559128DC48C300C7A722 /* Profile.swift in Sources */ = {isa = PBXBuildFile; fileRef = 2F9D559028DC48C300C7A722 /* Profile.swift */; };
		2F9D559628DC50A800C7A722 /* ProfileHost.swift in Sources */ = {isa = PBXBuildFile; fileRef = 2F9D559528DC50A800C7A722 /* ProfileHost.swift */; };
		2F9D559828DC522600C7A722 /* ProfileSummary.swift in Sources */ = {isa = PBXBuildFile; fileRef = 2F9D559728DC522600C7A722 /* ProfileSummary.swift */; };
		2F9D559A28DC54D400C7A722 /* HikeBadge.swift in Sources */ = {isa = PBXBuildFile; fileRef = 2F9D559928DC54D400C7A722 /* HikeBadge.swift */; };
		2FFE960A28E31A590041E435 /* Assets.xcassets in Resources */ = {isa = PBXBuildFile; fileRef = 2FFE960928E31A590041E435 /* Assets.xcassets */; };
		2FFE961028E31A590041E435 /* WatchLandmarks WatchKit Extension.appex in Embed App Extensions */ = {isa = PBXBuildFile; fileRef = 2FFE960F28E31A590041E435 /* WatchLandmarks WatchKit Extension.appex */; settings = {ATTRIBUTES = (RemoveHeadersOnCopy, ); }; };
		2FFE961728E31A590041E435 /* ContentView.swift in Sources */ = {isa = PBXBuildFile; fileRef = 2FFE961628E31A590041E435 /* ContentView.swift */; };
		2FFE961928E31A590041E435 /* NotificationController.swift in Sources */ = {isa = PBXBuildFile; fileRef = 2FFE961828E31A590041E435 /* NotificationController.swift */; };
		2FFE961B28E31A590041E435 /* NotificationView.swift in Sources */ = {isa = PBXBuildFile; fileRef = 2FFE961A28E31A590041E435 /* NotificationView.swift */; };
		2FFE961D28E31A590041E435 /* ComplicationController.swift in Sources */ = {isa = PBXBuildFile; fileRef = 2FFE961C28E31A590041E435 /* ComplicationController.swift */; };
		2FFE961F28E31A5A0041E435 /* Assets.xcassets in Resources */ = {isa = PBXBuildFile; fileRef = 2FFE961E28E31A5A0041E435 /* Assets.xcassets */; };
		2FFE962228E31A5A0041E435 /* Preview Assets.xcassets in Resources */ = {isa = PBXBuildFile; fileRef = 2FFE962128E31A5A0041E435 /* Preview Assets.xcassets */; };
		2FFE963D28E31A5A0041E435 /* WatchLandmarks.app in Embed Watch Content */ = {isa = PBXBuildFile; fileRef = 2FFE960728E31A580041E435 /* WatchLandmarks.app */; settings = {ATTRIBUTES = (RemoveHeadersOnCopy, ); }; };
		2FFE964C28E31E140041E435 /* ModelData.swift in Sources */ = {isa = PBXBuildFile; fileRef = 9B48779C28D1E806006951FA /* ModelData.swift */; };
		2FFE964D28E31E140041E435 /* landmarkData.json in Resources */ = {isa = PBXBuildFile; fileRef = 9B130DC828D10A5700C80823 /* landmarkData.json */; };
		2FFE964E28E31E140041E435 /* hikeData.json in Resources */ = {isa = PBXBuildFile; fileRef = 2F08999F28D9B13A004DA24E /* hikeData.json */; };
		2FFE964F28E31E140041E435 /* Assets.xcassets in Resources */ = {isa = PBXBuildFile; fileRef = 9B0BBD7028CF4E4F00C6474C /* Assets.xcassets */; };
		2FFE965028E31E140041E435 /* CircleImage.swift in Sources */ = {isa = PBXBuildFile; fileRef = 9B0BBD7A28CF6D0400C6474C /* CircleImage.swift */; };
		2FFE965128E31E140041E435 /* Hike.swift in Sources */ = {isa = PBXBuildFile; fileRef = 2F0899A128D9B162004DA24E /* Hike.swift */; };
		2FFE965228E31E140041E435 /* LandmarksApp.swift in Sources */ = {isa = PBXBuildFile; fileRef = 9B0BBD6C28CF4E4E00C6474C /* LandmarksApp.swift */; };
		2FFE965328E31E140041E435 /* LandmarkRow.swift in Sources */ = {isa = PBXBuildFile; fileRef = 9B4877A128D25F35006951FA /* LandmarkRow.swift */; };
		2FFE965528E31E140041E435 /* Profile.swift in Sources */ = {isa = PBXBuildFile; fileRef = 2F9D559028DC48C300C7A722 /* Profile.swift */; };
		2FFE965628E31E140041E435 /* Landmark.swift in Sources */ = {isa = PBXBuildFile; fileRef = 9B130DCA28D10A8900C80823 /* Landmark.swift */; };
		2FFE965728E31E140041E435 /* MapView.swift in Sources */ = {isa = PBXBuildFile; fileRef = 9BCE26EA28CF7CDE00B5164C /* MapView.swift */; };
		2FFE965928E31FAD0041E435 /* LandmarkDetail.swift in Sources */ = {isa = PBXBuildFile; fileRef = 2FFE965828E31FAD0041E435 /* LandmarkDetail.swift */; };
		9B04ACC528D326B70069B8A0 /* LandmarkList.swift in Sources */ = {isa = PBXBuildFile; fileRef = 9B04ACC428D326B70069B8A0 /* LandmarkList.swift */; };
		9B04ACC728D32CCC0069B8A0 /* LandmarkDetail.swift in Sources */ = {isa = PBXBuildFile; fileRef = 9B04ACC628D32CCC0069B8A0 /* LandmarkDetail.swift */; };
		9B06641128F0369F0005FE56 /* LandmarkList.swift in Sources */ = {isa = PBXBuildFile; fileRef = 9B06641028F0369F0005FE56 /* LandmarkList.swift */; };
		9B0BBD6D28CF4E4E00C6474C /* LandmarksApp.swift in Sources */ = {isa = PBXBuildFile; fileRef = 9B0BBD6C28CF4E4E00C6474C /* LandmarksApp.swift */; };
		9B0BBD6F28CF4E4E00C6474C /* ContentView.swift in Sources */ = {isa = PBXBuildFile; fileRef = 9B0BBD6E28CF4E4E00C6474C /* ContentView.swift */; };
		9B0BBD7128CF4E4F00C6474C /* Assets.xcassets in Resources */ = {isa = PBXBuildFile; fileRef = 9B0BBD7028CF4E4F00C6474C /* Assets.xcassets */; };
		9B0BBD7428CF4E4F00C6474C /* Preview Assets.xcassets in Resources */ = {isa = PBXBuildFile; fileRef = 9B0BBD7328CF4E4F00C6474C /* Preview Assets.xcassets */; };
		9B0BBD7B28CF6D0400C6474C /* CircleImage.swift in Sources */ = {isa = PBXBuildFile; fileRef = 9B0BBD7A28CF6D0400C6474C /* CircleImage.swift */; };
		9B130DC928D10A5700C80823 /* landmarkData.json in Resources */ = {isa = PBXBuildFile; fileRef = 9B130DC828D10A5700C80823 /* landmarkData.json */; };
		9B130DCB28D10A8900C80823 /* Landmark.swift in Sources */ = {isa = PBXBuildFile; fileRef = 9B130DCA28D10A8900C80823 /* Landmark.swift */; };
		9B42818328F190A100FB8B59 /* LandmarkSettings.swift in Sources */ = {isa = PBXBuildFile; fileRef = 9B42818228F190A100FB8B59 /* LandmarkSettings.swift */; };
		9B469A3128F0189300943EA3 /* ContentView.swift in Sources */ = {isa = PBXBuildFile; fileRef = 9B469A3028F0189300943EA3 /* ContentView.swift */; };
		9B469A3328F0189300943EA3 /* Assets.xcassets in Resources */ = {isa = PBXBuildFile; fileRef = 9B469A3228F0189300943EA3 /* Assets.xcassets */; };
		9B469A3628F0189300943EA3 /* Preview Assets.xcassets in Resources */ = {isa = PBXBuildFile; fileRef = 9B469A3528F0189300943EA3 /* Preview Assets.xcassets */; };
		9B469A3B28F023EF00943EA3 /* LandmarksApp.swift in Sources */ = {isa = PBXBuildFile; fileRef = 9B0BBD6C28CF4E4E00C6474C /* LandmarksApp.swift */; };
		9B469A3C28F023EF00943EA3 /* Hike.swift in Sources */ = {isa = PBXBuildFile; fileRef = 2F0899A128D9B162004DA24E /* Hike.swift */; };
		9B469A3D28F023EF00943EA3 /* LandmarkList.swift in Sources */ = {isa = PBXBuildFile; fileRef = 9B04ACC428D326B70069B8A0 /* LandmarkList.swift */; };
		9B469A3E28F023EF00943EA3 /* Landmark.swift in Sources */ = {isa = PBXBuildFile; fileRef = 9B130DCA28D10A8900C80823 /* Landmark.swift */; };
		9B469A3F28F023EF00943EA3 /* FavoriteButton.swift in Sources */ = {isa = PBXBuildFile; fileRef = 9BF3588828D7C45A006335E6 /* FavoriteButton.swift */; };
		9B469A4028F023EF00943EA3 /* CircleImage.swift in Sources */ = {isa = PBXBuildFile; fileRef = 9B0BBD7A28CF6D0400C6474C /* CircleImage.swift */; };
		9B469A4128F023EF00943EA3 /* hikeData.json in Resources */ = {isa = PBXBuildFile; fileRef = 2F08999F28D9B13A004DA24E /* hikeData.json */; };
		9B469A4228F023EF00943EA3 /* landmarkData.json in Resources */ = {isa = PBXBuildFile; fileRef = 9B130DC828D10A5700C80823 /* landmarkData.json */; };
		9B469A4328F023EF00943EA3 /* MapView.swift in Sources */ = {isa = PBXBuildFile; fileRef = 9BCE26EA28CF7CDE00B5164C /* MapView.swift */; };
		9B469A4428F023EF00943EA3 /* Assets.xcassets in Resources */ = {isa = PBXBuildFile; fileRef = 9B0BBD7028CF4E4F00C6474C /* Assets.xcassets */; };
		9B469A4528F023EF00943EA3 /* ModelData.swift in Sources */ = {isa = PBXBuildFile; fileRef = 9B48779C28D1E806006951FA /* ModelData.swift */; };
		9B469A4628F023EF00943EA3 /* LandmarkRow.swift in Sources */ = {isa = PBXBuildFile; fileRef = 9B4877A128D25F35006951FA /* LandmarkRow.swift */; };
		9B469A4728F023EF00943EA3 /* Profile.swift in Sources */ = {isa = PBXBuildFile; fileRef = 2F9D559028DC48C300C7A722 /* Profile.swift */; };
		9B469A4928F028ED00943EA3 /* LandmarkDetail.swift in Sources */ = {isa = PBXBuildFile; fileRef = 9B469A4828F028ED00943EA3 /* LandmarkDetail.swift */; };
		9B48779D28D1E806006951FA /* ModelData.swift in Sources */ = {isa = PBXBuildFile; fileRef = 9B48779C28D1E806006951FA /* ModelData.swift */; };
		9B4877A228D25F35006951FA /* LandmarkRow.swift in Sources */ = {isa = PBXBuildFile; fileRef = 9B4877A128D25F35006951FA /* LandmarkRow.swift */; };
		9BCE26EB28CF7CDE00B5164C /* MapView.swift in Sources */ = {isa = PBXBuildFile; fileRef = 9BCE26EA28CF7CDE00B5164C /* MapView.swift */; };
		9BD8C65D28DB849A00DF93C3 /* CategoryItem.swift in Sources */ = {isa = PBXBuildFile; fileRef = 9BD8C65C28DB849A00DF93C3 /* CategoryItem.swift */; };
		9BF02C5928F06F66008C1428 /* LandmarkCommands.swift in Sources */ = {isa = PBXBuildFile; fileRef = 9BF02C5828F06F66008C1428 /* LandmarkCommands.swift */; };
		9BF02C5A28F06F66008C1428 /* LandmarkCommands.swift in Sources */ = {isa = PBXBuildFile; fileRef = 9BF02C5828F06F66008C1428 /* LandmarkCommands.swift */; };
		9BF3588928D7C45A006335E6 /* FavoriteButton.swift in Sources */ = {isa = PBXBuildFile; fileRef = 9BF3588828D7C45A006335E6 /* FavoriteButton.swift */; };
/* End PBXBuildFile section */

/* Begin PBXContainerItemProxy section */
		2FFE961128E31A590041E435 /* PBXContainerItemProxy */ = {
			isa = PBXContainerItemProxy;
			containerPortal = 9B0BBD6128CF4E4E00C6474C /* Project object */;
			proxyType = 1;
			remoteGlobalIDString = 2FFE960E28E31A590041E435;
			remoteInfo = "WatchLandmarks WatchKit Extension";
		};
		2FFE962A28E31A5A0041E435 /* PBXContainerItemProxy */ = {
			isa = PBXContainerItemProxy;
			containerPortal = 9B0BBD6128CF4E4E00C6474C /* Project object */;
			proxyType = 1;
			remoteGlobalIDString = 2FFE960E28E31A590041E435;
			remoteInfo = "WatchLandmarks WatchKit Extension";
		};
		2FFE963428E31A5A0041E435 /* PBXContainerItemProxy */ = {
			isa = PBXContainerItemProxy;
			containerPortal = 9B0BBD6128CF4E4E00C6474C /* Project object */;
			proxyType = 1;
			remoteGlobalIDString = 2FFE960628E31A580041E435;
			remoteInfo = WatchLandmarks;
		};
		2FFE963B28E31A5A0041E435 /* PBXContainerItemProxy */ = {
			isa = PBXContainerItemProxy;
			containerPortal = 9B0BBD6128CF4E4E00C6474C /* Project object */;
			proxyType = 1;
			remoteGlobalIDString = 2FFE960628E31A580041E435;
			remoteInfo = WatchLandmarks;
		};
/* End PBXContainerItemProxy section */

/* Begin PBXCopyFilesBuildPhase section */
		2FFE963E28E31A5A0041E435 /* Embed Watch Content */ = {
			isa = PBXCopyFilesBuildPhase;
			buildActionMask = 2147483647;
			dstPath = "$(CONTENTS_FOLDER_PATH)/Watch";
			dstSubfolderSpec = 16;
			files = (
				2FFE963D28E31A5A0041E435 /* WatchLandmarks.app in Embed Watch Content */,
			);
			name = "Embed Watch Content";
			runOnlyForDeploymentPostprocessing = 0;
		};
		2FFE964128E31A5A0041E435 /* Embed App Extensions */ = {
			isa = PBXCopyFilesBuildPhase;
			buildActionMask = 2147483647;
			dstPath = "";
			dstSubfolderSpec = 13;
			files = (
				2FFE961028E31A590041E435 /* WatchLandmarks WatchKit Extension.appex in Embed App Extensions */,
			);
			name = "Embed App Extensions";
			runOnlyForDeploymentPostprocessing = 0;
		};
/* End PBXCopyFilesBuildPhase section */

/* Begin PBXFileReference section */
		2F08999F28D9B13A004DA24E /* hikeData.json */ = {isa = PBXFileReference; fileEncoding = 4; lastKnownFileType = text.json; path = hikeData.json; sourceTree = "<group>"; };
		2F0899A128D9B162004DA24E /* Hike.swift */ = {isa = PBXFileReference; lastKnownFileType = sourcecode.swift; path = Hike.swift; sourceTree = "<group>"; };
		2F0899A428D9C3F4004DA24E /* GraphCapsule.swift */ = {isa = PBXFileReference; fileEncoding = 4; lastKnownFileType = sourcecode.swift; path = GraphCapsule.swift; sourceTree = "<group>"; };
		2F0899A528D9C3F4004DA24E /* HikeGraph.swift */ = {isa = PBXFileReference; fileEncoding = 4; lastKnownFileType = sourcecode.swift; path = HikeGraph.swift; sourceTree = "<group>"; };
		2F0899A628D9C3F4004DA24E /* HikeDetail.swift */ = {isa = PBXFileReference; fileEncoding = 4; lastKnownFileType = sourcecode.swift; path = HikeDetail.swift; sourceTree = "<group>"; };
		2F0899A728D9C3F4004DA24E /* HikeView.swift */ = {isa = PBXFileReference; fileEncoding = 4; lastKnownFileType = sourcecode.swift; path = HikeView.swift; sourceTree = "<group>"; };
		2F212EAC28DC8C170060642E /* ProfileEditor.swift */ = {isa = PBXFileReference; lastKnownFileType = sourcecode.swift; path = ProfileEditor.swift; sourceTree = "<group>"; };
		2F38E33728DDA5990018A373 /* PageViewController.swift */ = {isa = PBXFileReference; lastKnownFileType = sourcecode.swift; path = PageViewController.swift; sourceTree = "<group>"; };
		2F38E33928DDAB120018A373 /* FeatureCard.swift */ = {isa = PBXFileReference; lastKnownFileType = sourcecode.swift; path = FeatureCard.swift; sourceTree = "<group>"; };
		2F38E33B28DDAE7C0018A373 /* PageView.swift */ = {isa = PBXFileReference; lastKnownFileType = sourcecode.swift; path = PageView.swift; sourceTree = "<group>"; };
		2F38E33D28DDC5D40018A373 /* PageControl.swift */ = {isa = PBXFileReference; lastKnownFileType = sourcecode.swift; path = PageControl.swift; sourceTree = "<group>"; };
		2F78B52128D883880000B435 /* HexagonParameters.swift */ = {isa = PBXFileReference; lastKnownFileType = sourcecode.swift; name = HexagonParameters.swift; path = Landmarks/Views/Badges/HexagonParameters.swift; sourceTree = SOURCE_ROOT; };
		2F78B52328D888550000B435 /* BadgeBackground.swift */ = {isa = PBXFileReference; lastKnownFileType = sourcecode.swift; path = BadgeBackground.swift; sourceTree = "<group>"; };
		2F78B52528D8AA6D0000B435 /* BadgeSymbol.swift */ = {isa = PBXFileReference; lastKnownFileType = sourcecode.swift; path = BadgeSymbol.swift; sourceTree = "<group>"; };
		2F78B52728D8B10E0000B435 /* RotatedBadgeSymbol.swift */ = {isa = PBXFileReference; lastKnownFileType = sourcecode.swift; path = RotatedBadgeSymbol.swift; sourceTree = "<group>"; };
		2F78B52928D8B2D50000B435 /* Badge.swift */ = {isa = PBXFileReference; lastKnownFileType = sourcecode.swift; path = Badge.swift; sourceTree = "<group>"; };
		2F7CB16B28D9FED900C3ED80 /* CategoryHome.swift */ = {isa = PBXFileReference; lastKnownFileType = sourcecode.swift; path = CategoryHome.swift; sourceTree = "<group>"; };
		2F7CB16D28DA070100C3ED80 /* CategoryRow.swift */ = {isa = PBXFileReference; lastKnownFileType = sourcecode.swift; path = CategoryRow.swift; sourceTree = "<group>"; };
		2F9D559028DC48C300C7A722 /* Profile.swift */ = {isa = PBXFileReference; lastKnownFileType = sourcecode.swift; path = Profile.swift; sourceTree = "<group>"; };
		2F9D559528DC50A800C7A722 /* ProfileHost.swift */ = {isa = PBXFileReference; lastKnownFileType = sourcecode.swift; path = ProfileHost.swift; sourceTree = "<group>"; };
		2F9D559728DC522600C7A722 /* ProfileSummary.swift */ = {isa = PBXFileReference; lastKnownFileType = sourcecode.swift; path = ProfileSummary.swift; sourceTree = "<group>"; };
		2F9D559928DC54D400C7A722 /* HikeBadge.swift */ = {isa = PBXFileReference; lastKnownFileType = sourcecode.swift; path = HikeBadge.swift; sourceTree = "<group>"; };
		2FFE960728E31A580041E435 /* WatchLandmarks.app */ = {isa = PBXFileReference; explicitFileType = wrapper.application; includeInIndex = 0; path = WatchLandmarks.app; sourceTree = BUILT_PRODUCTS_DIR; };
		2FFE960928E31A590041E435 /* Assets.xcassets */ = {isa = PBXFileReference; lastKnownFileType = folder.assetcatalog; path = Assets.xcassets; sourceTree = "<group>"; };
		2FFE960F28E31A590041E435 /* WatchLandmarks WatchKit Extension.appex */ = {isa = PBXFileReference; explicitFileType = "wrapper.app-extension"; includeInIndex = 0; path = "WatchLandmarks WatchKit Extension.appex"; sourceTree = BUILT_PRODUCTS_DIR; };
		2FFE961628E31A590041E435 /* ContentView.swift */ = {isa = PBXFileReference; lastKnownFileType = sourcecode.swift; path = ContentView.swift; sourceTree = "<group>"; };
		2FFE961828E31A590041E435 /* NotificationController.swift */ = {isa = PBXFileReference; lastKnownFileType = sourcecode.swift; path = NotificationController.swift; sourceTree = "<group>"; };
		2FFE961A28E31A590041E435 /* NotificationView.swift */ = {isa = PBXFileReference; lastKnownFileType = sourcecode.swift; path = NotificationView.swift; sourceTree = "<group>"; };
		2FFE961C28E31A590041E435 /* ComplicationController.swift */ = {isa = PBXFileReference; lastKnownFileType = sourcecode.swift; path = ComplicationController.swift; sourceTree = "<group>"; };
		2FFE961E28E31A5A0041E435 /* Assets.xcassets */ = {isa = PBXFileReference; lastKnownFileType = folder.assetcatalog; path = Assets.xcassets; sourceTree = "<group>"; };
		2FFE962128E31A5A0041E435 /* Preview Assets.xcassets */ = {isa = PBXFileReference; lastKnownFileType = folder.assetcatalog; path = "Preview Assets.xcassets"; sourceTree = "<group>"; };
		2FFE962328E31A5A0041E435 /* Info.plist */ = {isa = PBXFileReference; lastKnownFileType = text.plist.xml; path = Info.plist; sourceTree = "<group>"; };
		2FFE962428E31A5A0041E435 /* PushNotificationPayload.apns */ = {isa = PBXFileReference; lastKnownFileType = text; path = PushNotificationPayload.apns; sourceTree = "<group>"; };
		2FFE962928E31A5A0041E435 /* WatchLandmarksTests.xctest */ = {isa = PBXFileReference; explicitFileType = wrapper.cfbundle; includeInIndex = 0; path = WatchLandmarksTests.xctest; sourceTree = BUILT_PRODUCTS_DIR; };
		2FFE963328E31A5A0041E435 /* WatchLandmarksUITests.xctest */ = {isa = PBXFileReference; explicitFileType = wrapper.cfbundle; includeInIndex = 0; path = WatchLandmarksUITests.xctest; sourceTree = BUILT_PRODUCTS_DIR; };
		2FFE965828E31FAD0041E435 /* LandmarkDetail.swift */ = {isa = PBXFileReference; lastKnownFileType = sourcecode.swift; path = LandmarkDetail.swift; sourceTree = "<group>"; };
		9B04ACC428D326B70069B8A0 /* LandmarkList.swift */ = {isa = PBXFileReference; lastKnownFileType = sourcecode.swift; path = LandmarkList.swift; sourceTree = "<group>"; };
		9B04ACC628D32CCC0069B8A0 /* LandmarkDetail.swift */ = {isa = PBXFileReference; lastKnownFileType = sourcecode.swift; path = LandmarkDetail.swift; sourceTree = "<group>"; };
		9B06641028F0369F0005FE56 /* LandmarkList.swift */ = {isa = PBXFileReference; lastKnownFileType = sourcecode.swift; path = LandmarkList.swift; sourceTree = "<group>"; };
		9B0BBD6928CF4E4E00C6474C /* Landmarks.app */ = {isa = PBXFileReference; explicitFileType = wrapper.application; includeInIndex = 0; path = Landmarks.app; sourceTree = BUILT_PRODUCTS_DIR; };
		9B0BBD6C28CF4E4E00C6474C /* LandmarksApp.swift */ = {isa = PBXFileReference; lastKnownFileType = sourcecode.swift; path = LandmarksApp.swift; sourceTree = "<group>"; };
		9B0BBD6E28CF4E4E00C6474C /* ContentView.swift */ = {isa = PBXFileReference; lastKnownFileType = sourcecode.swift; path = ContentView.swift; sourceTree = "<group>"; };
		9B0BBD7028CF4E4F00C6474C /* Assets.xcassets */ = {isa = PBXFileReference; lastKnownFileType = folder.assetcatalog; path = Assets.xcassets; sourceTree = "<group>"; };
		9B0BBD7328CF4E4F00C6474C /* Preview Assets.xcassets */ = {isa = PBXFileReference; lastKnownFileType = folder.assetcatalog; path = "Preview Assets.xcassets"; sourceTree = "<group>"; };
		9B0BBD7A28CF6D0400C6474C /* CircleImage.swift */ = {isa = PBXFileReference; lastKnownFileType = sourcecode.swift; path = CircleImage.swift; sourceTree = "<group>"; };
		9B130DC828D10A5700C80823 /* landmarkData.json */ = {isa = PBXFileReference; fileEncoding = 4; lastKnownFileType = text.json; path = landmarkData.json; sourceTree = "<group>"; };
		9B130DCA28D10A8900C80823 /* Landmark.swift */ = {isa = PBXFileReference; lastKnownFileType = sourcecode.swift; path = Landmark.swift; sourceTree = "<group>"; };
		9B42818228F190A100FB8B59 /* LandmarkSettings.swift */ = {isa = PBXFileReference; lastKnownFileType = sourcecode.swift; path = LandmarkSettings.swift; sourceTree = "<group>"; };
		9B469A2C28F0189300943EA3 /* MacLandmarks.app */ = {isa = PBXFileReference; explicitFileType = wrapper.application; includeInIndex = 0; path = MacLandmarks.app; sourceTree = BUILT_PRODUCTS_DIR; };
		9B469A3028F0189300943EA3 /* ContentView.swift */ = {isa = PBXFileReference; lastKnownFileType = sourcecode.swift; path = ContentView.swift; sourceTree = "<group>"; };
		9B469A3228F0189300943EA3 /* Assets.xcassets */ = {isa = PBXFileReference; lastKnownFileType = folder.assetcatalog; path = Assets.xcassets; sourceTree = "<group>"; };
		9B469A3528F0189300943EA3 /* Preview Assets.xcassets */ = {isa = PBXFileReference; lastKnownFileType = folder.assetcatalog; path = "Preview Assets.xcassets"; sourceTree = "<group>"; };
		9B469A3728F0189300943EA3 /* MacLandmarks.entitlements */ = {isa = PBXFileReference; lastKnownFileType = text.plist.entitlements; path = MacLandmarks.entitlements; sourceTree = "<group>"; };
		9B469A4828F028ED00943EA3 /* LandmarkDetail.swift */ = {isa = PBXFileReference; lastKnownFileType = sourcecode.swift; path = LandmarkDetail.swift; sourceTree = "<group>"; };
		9B48779C28D1E806006951FA /* ModelData.swift */ = {isa = PBXFileReference; lastKnownFileType = sourcecode.swift; path = ModelData.swift; sourceTree = "<group>"; };
		9B4877A128D25F35006951FA /* LandmarkRow.swift */ = {isa = PBXFileReference; lastKnownFileType = sourcecode.swift; path = LandmarkRow.swift; sourceTree = "<group>"; };
		9BCE26EA28CF7CDE00B5164C /* MapView.swift */ = {isa = PBXFileReference; lastKnownFileType = sourcecode.swift; path = MapView.swift; sourceTree = "<group>"; };
		9BD8C65C28DB849A00DF93C3 /* CategoryItem.swift */ = {isa = PBXFileReference; lastKnownFileType = sourcecode.swift; path = CategoryItem.swift; sourceTree = "<group>"; };
		9BF02C5828F06F66008C1428 /* LandmarkCommands.swift */ = {isa = PBXFileReference; lastKnownFileType = sourcecode.swift; path = LandmarkCommands.swift; sourceTree = "<group>"; };
		9BF3588828D7C45A006335E6 /* FavoriteButton.swift */ = {isa = PBXFileReference; lastKnownFileType = sourcecode.swift; path = FavoriteButton.swift; sourceTree = "<group>"; };
/* End PBXFileReference section */

/* Begin PBXFrameworksBuildPhase section */
		2FFE960C28E31A590041E435 /* Frameworks */ = {
			isa = PBXFrameworksBuildPhase;
			buildActionMask = 2147483647;
			files = (
			);
			runOnlyForDeploymentPostprocessing = 0;
		};
		2FFE962628E31A5A0041E435 /* Frameworks */ = {
			isa = PBXFrameworksBuildPhase;
			buildActionMask = 2147483647;
			files = (
			);
			runOnlyForDeploymentPostprocessing = 0;
		};
		2FFE963028E31A5A0041E435 /* Frameworks */ = {
			isa = PBXFrameworksBuildPhase;
			buildActionMask = 2147483647;
			files = (
			);
			runOnlyForDeploymentPostprocessing = 0;
		};
		9B0BBD6628CF4E4E00C6474C /* Frameworks */ = {
			isa = PBXFrameworksBuildPhase;
			buildActionMask = 2147483647;
			files = (
			);
			runOnlyForDeploymentPostprocessing = 0;
		};
		9B469A2928F0189300943EA3 /* Frameworks */ = {
			isa = PBXFrameworksBuildPhase;
			buildActionMask = 2147483647;
			files = (
			);
			runOnlyForDeploymentPostprocessing = 0;
		};
/* End PBXFrameworksBuildPhase section */

/* Begin PBXGroup section */
		2F0899A328D9C3F4004DA24E /* Hikes */ = {
			isa = PBXGroup;
			children = (
				2F0899A728D9C3F4004DA24E /* HikeView.swift */,
				2F0899A628D9C3F4004DA24E /* HikeDetail.swift */,
				2F0899A528D9C3F4004DA24E /* HikeGraph.swift */,
				2F0899A428D9C3F4004DA24E /* GraphCapsule.swift */,
				2F9D559928DC54D400C7A722 /* HikeBadge.swift */,
			);
			path = Hikes;
			sourceTree = "<group>";
		};
		2F38E33628DDA55C0018A373 /* PageView */ = {
			isa = PBXGroup;
			children = (
				2F38E33B28DDAE7C0018A373 /* PageView.swift */,
				2F38E33928DDAB120018A373 /* FeatureCard.swift */,
				2F38E33728DDA5990018A373 /* PageViewController.swift */,
				2F38E33D28DDC5D40018A373 /* PageControl.swift */,
			);
			path = PageView;
			sourceTree = "<group>";
		};
		2F78B52B28D8B51B0000B435 /* Badges */ = {
			isa = PBXGroup;
			children = (
				2F78B52928D8B2D50000B435 /* Badge.swift */,
				2F78B52328D888550000B435 /* BadgeBackground.swift */,
				2F78B52528D8AA6D0000B435 /* BadgeSymbol.swift */,
				2F78B52728D8B10E0000B435 /* RotatedBadgeSymbol.swift */,
				2F78B52128D883880000B435 /* HexagonParameters.swift */,
			);
			path = Badges;
			sourceTree = "<group>";
		};
		2F7CB16A28D9FE9900C3ED80 /* Categories */ = {
			isa = PBXGroup;
			children = (
				2F7CB16B28D9FED900C3ED80 /* CategoryHome.swift */,
				2F7CB16D28DA070100C3ED80 /* CategoryRow.swift */,
				9BD8C65C28DB849A00DF93C3 /* CategoryItem.swift */,
			);
			path = Categories;
			sourceTree = "<group>";
		};
		2F9D559228DC504F00C7A722 /* Profiles */ = {
			isa = PBXGroup;
			children = (
				2F9D559528DC50A800C7A722 /* ProfileHost.swift */,
				2F9D559728DC522600C7A722 /* ProfileSummary.swift */,
				2F212EAC28DC8C170060642E /* ProfileEditor.swift */,
			);
			path = Profiles;
			sourceTree = "<group>";
		};
		2FFE960828E31A580041E435 /* WatchLandmarks */ = {
			isa = PBXGroup;
			children = (
				2FFE960928E31A590041E435 /* Assets.xcassets */,
			);
			path = WatchLandmarks;
			sourceTree = "<group>";
		};
		2FFE961328E31A590041E435 /* WatchLandmarks WatchKit Extension */ = {
			isa = PBXGroup;
			children = (
				2FFE961628E31A590041E435 /* ContentView.swift */,
				9B06641028F0369F0005FE56 /* LandmarkList.swift */,
				2FFE965828E31FAD0041E435 /* LandmarkDetail.swift */,
				2FFE961828E31A590041E435 /* NotificationController.swift */,
				2FFE961A28E31A590041E435 /* NotificationView.swift */,
				2FFE961C28E31A590041E435 /* ComplicationController.swift */,
				2FFE961E28E31A5A0041E435 /* Assets.xcassets */,
				2FFE962328E31A5A0041E435 /* Info.plist */,
				2FFE962428E31A5A0041E435 /* PushNotificationPayload.apns */,
				2FFE962028E31A5A0041E435 /* Preview Content */,
			);
			path = "WatchLandmarks WatchKit Extension";
			sourceTree = "<group>";
		};
		2FFE962028E31A5A0041E435 /* Preview Content */ = {
			isa = PBXGroup;
			children = (
				2FFE962128E31A5A0041E435 /* Preview Assets.xcassets */,
			);
			path = "Preview Content";
			sourceTree = "<group>";
		};
		9B0BBD6028CF4E4E00C6474C = {
			isa = PBXGroup;
			children = (
				9B0BBD6B28CF4E4E00C6474C /* Landmarks */,
				2FFE960828E31A580041E435 /* WatchLandmarks */,
				2FFE961328E31A590041E435 /* WatchLandmarks WatchKit Extension */,
				9B469A2D28F0189300943EA3 /* MacLandmarks */,
				9B0BBD6A28CF4E4E00C6474C /* Products */,
			);
			sourceTree = "<group>";
		};
		9B0BBD6A28CF4E4E00C6474C /* Products */ = {
			isa = PBXGroup;
			children = (
				9B0BBD6928CF4E4E00C6474C /* Landmarks.app */,
				2FFE960728E31A580041E435 /* WatchLandmarks.app */,
				2FFE960F28E31A590041E435 /* WatchLandmarks WatchKit Extension.appex */,
				2FFE962928E31A5A0041E435 /* WatchLandmarksTests.xctest */,
				2FFE963328E31A5A0041E435 /* WatchLandmarksUITests.xctest */,
				9B469A2C28F0189300943EA3 /* MacLandmarks.app */,
			);
			name = Products;
			sourceTree = "<group>";
		};
		9B0BBD6B28CF4E4E00C6474C /* Landmarks */ = {
			isa = PBXGroup;
			children = (
				9B0BBD6C28CF4E4E00C6474C /* LandmarksApp.swift */,
				9B48779E28D25BCC006951FA /* Views */,
				9B4877A028D25D1D006951FA /* Model */,
				9B48779F28D25D00006951FA /* Resources */,
				9B0BBD7028CF4E4F00C6474C /* Assets.xcassets */,
				9B0BBD7228CF4E4F00C6474C /* Preview Content */,
			);
			path = Landmarks;
			sourceTree = "<group>";
		};
		9B0BBD7228CF4E4F00C6474C /* Preview Content */ = {
			isa = PBXGroup;
			children = (
				9B0BBD7328CF4E4F00C6474C /* Preview Assets.xcassets */,
			);
			path = "Preview Content";
			sourceTree = "<group>";
		};
		9B469A2D28F0189300943EA3 /* MacLandmarks */ = {
			isa = PBXGroup;
			children = (
				9B469A3028F0189300943EA3 /* ContentView.swift */,
				9B469A4828F028ED00943EA3 /* LandmarkDetail.swift */,
				9BF02C5828F06F66008C1428 /* LandmarkCommands.swift */,
				9B42818228F190A100FB8B59 /* LandmarkSettings.swift */,
				9B469A3228F0189300943EA3 /* Assets.xcassets */,
				9B469A3728F0189300943EA3 /* MacLandmarks.entitlements */,
				9B469A3428F0189300943EA3 /* Preview Content */,
			);
			path = MacLandmarks;
			sourceTree = "<group>";
		};
		9B469A3428F0189300943EA3 /* Preview Content */ = {
			isa = PBXGroup;
			children = (
				9B469A3528F0189300943EA3 /* Preview Assets.xcassets */,
			);
			path = "Preview Content";
			sourceTree = "<group>";
		};
		9B48779E28D25BCC006951FA /* Views */ = {
			isa = PBXGroup;
			children = (
				9B0BBD6E28CF4E4E00C6474C /* ContentView.swift */,
				9BF3588C28D7C701006335E6 /* Landmarks */,
				2F7CB16A28D9FE9900C3ED80 /* Categories */,
				9BF3588B28D7C6E7006335E6 /* Helpers */,
				2F78B52B28D8B51B0000B435 /* Badges */,
				2F0899A328D9C3F4004DA24E /* Hikes */,
				2F9D559228DC504F00C7A722 /* Profiles */,
				2F38E33628DDA55C0018A373 /* PageView */,
			);
			path = Views;
			sourceTree = "<group>";
		};
		9B48779F28D25D00006951FA /* Resources */ = {
			isa = PBXGroup;
			children = (
				9B130DC828D10A5700C80823 /* landmarkData.json */,
				2F08999F28D9B13A004DA24E /* hikeData.json */,
			);
			path = Resources;
			sourceTree = "<group>";
		};
		9B4877A028D25D1D006951FA /* Model */ = {
			isa = PBXGroup;
			children = (
				9B130DCA28D10A8900C80823 /* Landmark.swift */,
				9B48779C28D1E806006951FA /* ModelData.swift */,
				2F0899A128D9B162004DA24E /* Hike.swift */,
				2F9D559028DC48C300C7A722 /* Profile.swift */,
			);
			path = Model;
			sourceTree = "<group>";
		};
		9BF3588B28D7C6E7006335E6 /* Helpers */ = {
			isa = PBXGroup;
			children = (
				9B0BBD7A28CF6D0400C6474C /* CircleImage.swift */,
				9BCE26EA28CF7CDE00B5164C /* MapView.swift */,
				9BF3588828D7C45A006335E6 /* FavoriteButton.swift */,
			);
			path = Helpers;
			sourceTree = "<group>";
		};
		9BF3588C28D7C701006335E6 /* Landmarks */ = {
			isa = PBXGroup;
			children = (
				9B04ACC428D326B70069B8A0 /* LandmarkList.swift */,
				9B4877A128D25F35006951FA /* LandmarkRow.swift */,
				9B04ACC628D32CCC0069B8A0 /* LandmarkDetail.swift */,
			);
			path = Landmarks;
			sourceTree = "<group>";
		};
/* End PBXGroup section */

/* Begin PBXNativeTarget section */
		2FFE960628E31A580041E435 /* WatchLandmarks */ = {
			isa = PBXNativeTarget;
			buildConfigurationList = 2FFE964928E31A5A0041E435 /* Build configuration list for PBXNativeTarget "WatchLandmarks" */;
			buildPhases = (
				2FFE960528E31A580041E435 /* Resources */,
				2FFE964128E31A5A0041E435 /* Embed App Extensions */,
			);
			buildRules = (
			);
			dependencies = (
				2FFE961228E31A590041E435 /* PBXTargetDependency */,
			);
			name = WatchLandmarks;
			productName = WatchLandmarks;
			productReference = 2FFE960728E31A580041E435 /* WatchLandmarks.app */;
			productType = "com.apple.product-type.application.watchapp2";
		};
		2FFE960E28E31A590041E435 /* WatchLandmarks WatchKit Extension */ = {
			isa = PBXNativeTarget;
			buildConfigurationList = 2FFE964828E31A5A0041E435 /* Build configuration list for PBXNativeTarget "WatchLandmarks WatchKit Extension" */;
			buildPhases = (
				2FFE960B28E31A590041E435 /* Sources */,
				2FFE960C28E31A590041E435 /* Frameworks */,
				2FFE960D28E31A590041E435 /* Resources */,
			);
			buildRules = (
			);
			dependencies = (
			);
			name = "WatchLandmarks WatchKit Extension";
			productName = "WatchLandmarks WatchKit Extension";
			productReference = 2FFE960F28E31A590041E435 /* WatchLandmarks WatchKit Extension.appex */;
			productType = "com.apple.product-type.watchkit2-extension";
		};
		2FFE962828E31A5A0041E435 /* WatchLandmarksTests */ = {
			isa = PBXNativeTarget;
			buildConfigurationList = 2FFE964A28E31A5A0041E435 /* Build configuration list for PBXNativeTarget "WatchLandmarksTests" */;
			buildPhases = (
				2FFE962528E31A5A0041E435 /* Sources */,
				2FFE962628E31A5A0041E435 /* Frameworks */,
				2FFE962728E31A5A0041E435 /* Resources */,
			);
			buildRules = (
			);
			dependencies = (
				2FFE962B28E31A5A0041E435 /* PBXTargetDependency */,
			);
			name = WatchLandmarksTests;
			productName = WatchLandmarksTests;
			productReference = 2FFE962928E31A5A0041E435 /* WatchLandmarksTests.xctest */;
			productType = "com.apple.product-type.bundle.unit-test";
		};
		2FFE963228E31A5A0041E435 /* WatchLandmarksUITests */ = {
			isa = PBXNativeTarget;
			buildConfigurationList = 2FFE964B28E31A5A0041E435 /* Build configuration list for PBXNativeTarget "WatchLandmarksUITests" */;
			buildPhases = (
				2FFE962F28E31A5A0041E435 /* Sources */,
				2FFE963028E31A5A0041E435 /* Frameworks */,
				2FFE963128E31A5A0041E435 /* Resources */,
			);
			buildRules = (
			);
			dependencies = (
				2FFE963528E31A5A0041E435 /* PBXTargetDependency */,
			);
			name = WatchLandmarksUITests;
			productName = WatchLandmarksUITests;
			productReference = 2FFE963328E31A5A0041E435 /* WatchLandmarksUITests.xctest */;
			productType = "com.apple.product-type.bundle.ui-testing";
		};
		9B0BBD6828CF4E4E00C6474C /* Landmarks */ = {
			isa = PBXNativeTarget;
			buildConfigurationList = 9B0BBD7728CF4E4F00C6474C /* Build configuration list for PBXNativeTarget "Landmarks" */;
			buildPhases = (
				9B0BBD6528CF4E4E00C6474C /* Sources */,
				9B0BBD6628CF4E4E00C6474C /* Frameworks */,
				9B0BBD6728CF4E4E00C6474C /* Resources */,
				2FFE963E28E31A5A0041E435 /* Embed Watch Content */,
			);
			buildRules = (
			);
			dependencies = (
				2FFE963C28E31A5A0041E435 /* PBXTargetDependency */,
			);
			name = Landmarks;
			productName = Landmarks;
			productReference = 9B0BBD6928CF4E4E00C6474C /* Landmarks.app */;
			productType = "com.apple.product-type.application";
		};
		9B469A2B28F0189300943EA3 /* MacLandmarks */ = {
			isa = PBXNativeTarget;
			buildConfigurationList = 9B469A3A28F0189300943EA3 /* Build configuration list for PBXNativeTarget "MacLandmarks" */;
			buildPhases = (
				9B469A2828F0189300943EA3 /* Sources */,
				9B469A2928F0189300943EA3 /* Frameworks */,
				9B469A2A28F0189300943EA3 /* Resources */,
			);
			buildRules = (
			);
			dependencies = (
			);
			name = MacLandmarks;
			productName = MacLandmarks;
			productReference = 9B469A2C28F0189300943EA3 /* MacLandmarks.app */;
			productType = "com.apple.product-type.application";
		};
/* End PBXNativeTarget section */

/* Begin PBXProject section */
		9B0BBD6128CF4E4E00C6474C /* Project object */ = {
			isa = PBXProject;
			attributes = {
				BuildIndependentTargetsInParallel = 1;
				LastSwiftUpdateCheck = 1400;
				LastUpgradeCheck = 1340;
				TargetAttributes = {
					2FFE960628E31A580041E435 = {
						CreatedOnToolsVersion = 13.2.1;
					};
					2FFE960E28E31A590041E435 = {
						CreatedOnToolsVersion = 13.2.1;
					};
					2FFE962828E31A5A0041E435 = {
						CreatedOnToolsVersion = 13.2.1;
						TestTargetID = 2FFE960E28E31A590041E435;
					};
					2FFE963228E31A5A0041E435 = {
						CreatedOnToolsVersion = 13.2.1;
						TestTargetID = 2FFE960628E31A580041E435;
					};
					9B0BBD6828CF4E4E00C6474C = {
						CreatedOnToolsVersion = 13.4.1;
					};
					9B469A2B28F0189300943EA3 = {
						CreatedOnToolsVersion = 14.0;
					};
				};
			};
			buildConfigurationList = 9B0BBD6428CF4E4E00C6474C /* Build configuration list for PBXProject "Landmarks" */;
			compatibilityVersion = "Xcode 13.0";
			developmentRegion = en;
			hasScannedForEncodings = 0;
			knownRegions = (
				en,
				Base,
			);
			mainGroup = 9B0BBD6028CF4E4E00C6474C;
			productRefGroup = 9B0BBD6A28CF4E4E00C6474C /* Products */;
			projectDirPath = "";
			projectRoot = "";
			targets = (
				9B0BBD6828CF4E4E00C6474C /* Landmarks */,
				2FFE960628E31A580041E435 /* WatchLandmarks */,
				2FFE960E28E31A590041E435 /* WatchLandmarks WatchKit Extension */,
				2FFE962828E31A5A0041E435 /* WatchLandmarksTests */,
				2FFE963228E31A5A0041E435 /* WatchLandmarksUITests */,
				9B469A2B28F0189300943EA3 /* MacLandmarks */,
			);
		};
/* End PBXProject section */

/* Begin PBXResourcesBuildPhase section */
		2FFE960528E31A580041E435 /* Resources */ = {
			isa = PBXResourcesBuildPhase;
			buildActionMask = 2147483647;
			files = (
				2FFE960A28E31A590041E435 /* Assets.xcassets in Resources */,
			);
			runOnlyForDeploymentPostprocessing = 0;
		};
		2FFE960D28E31A590041E435 /* Resources */ = {
			isa = PBXResourcesBuildPhase;
			buildActionMask = 2147483647;
			files = (
				2FFE964E28E31E140041E435 /* hikeData.json in Resources */,
				2FFE962228E31A5A0041E435 /* Preview Assets.xcassets in Resources */,
				2FFE961F28E31A5A0041E435 /* Assets.xcassets in Resources */,
				2FFE964D28E31E140041E435 /* landmarkData.json in Resources */,
				2FFE964F28E31E140041E435 /* Assets.xcassets in Resources */,
			);
			runOnlyForDeploymentPostprocessing = 0;
		};
		2FFE962728E31A5A0041E435 /* Resources */ = {
			isa = PBXResourcesBuildPhase;
			buildActionMask = 2147483647;
			files = (
			);
			runOnlyForDeploymentPostprocessing = 0;
		};
		2FFE963128E31A5A0041E435 /* Resources */ = {
			isa = PBXResourcesBuildPhase;
			buildActionMask = 2147483647;
			files = (
			);
			runOnlyForDeploymentPostprocessing = 0;
		};
		9B0BBD6728CF4E4E00C6474C /* Resources */ = {
			isa = PBXResourcesBuildPhase;
			buildActionMask = 2147483647;
			files = (
				2F0899A028D9B13A004DA24E /* hikeData.json in Resources */,
				9B0BBD7428CF4E4F00C6474C /* Preview Assets.xcassets in Resources */,
				9B0BBD7128CF4E4F00C6474C /* Assets.xcassets in Resources */,
				9B130DC928D10A5700C80823 /* landmarkData.json in Resources */,
			);
			runOnlyForDeploymentPostprocessing = 0;
		};
		9B469A2A28F0189300943EA3 /* Resources */ = {
			isa = PBXResourcesBuildPhase;
			buildActionMask = 2147483647;
			files = (
				9B469A3628F0189300943EA3 /* Preview Assets.xcassets in Resources */,
				9B469A4228F023EF00943EA3 /* landmarkData.json in Resources */,
				9B469A4128F023EF00943EA3 /* hikeData.json in Resources */,
				9B469A3328F0189300943EA3 /* Assets.xcassets in Resources */,
				9B469A4428F023EF00943EA3 /* Assets.xcassets in Resources */,
			);
			runOnlyForDeploymentPostprocessing = 0;
		};
/* End PBXResourcesBuildPhase section */

/* Begin PBXSourcesBuildPhase section */
		2FFE960B28E31A590041E435 /* Sources */ = {
			isa = PBXSourcesBuildPhase;
			buildActionMask = 2147483647;
			files = (
				2FFE961928E31A590041E435 /* NotificationController.swift in Sources */,
				2FFE961728E31A590041E435 /* ContentView.swift in Sources */,
				2FFE964C28E31E140041E435 /* ModelData.swift in Sources */,
				2FFE965228E31E140041E435 /* LandmarksApp.swift in Sources */,
				9B06641128F0369F0005FE56 /* LandmarkList.swift in Sources */,
				2FFE965728E31E140041E435 /* MapView.swift in Sources */,
				2FFE965128E31E140041E435 /* Hike.swift in Sources */,
				2FFE965928E31FAD0041E435 /* LandmarkDetail.swift in Sources */,
				2FFE961D28E31A590041E435 /* ComplicationController.swift in Sources */,
				2FFE961B28E31A590041E435 /* NotificationView.swift in Sources */,
				2FFE965028E31E140041E435 /* CircleImage.swift in Sources */,
				2FFE965528E31E140041E435 /* Profile.swift in Sources */,
				2FFE965328E31E140041E435 /* LandmarkRow.swift in Sources */,
				2FFE965628E31E140041E435 /* Landmark.swift in Sources */,
			);
			runOnlyForDeploymentPostprocessing = 0;
		};
		2FFE962528E31A5A0041E435 /* Sources */ = {
			isa = PBXSourcesBuildPhase;
			buildActionMask = 2147483647;
			files = (
			);
			runOnlyForDeploymentPostprocessing = 0;
		};
		2FFE962F28E31A5A0041E435 /* Sources */ = {
			isa = PBXSourcesBuildPhase;
			buildActionMask = 2147483647;
			files = (
			);
			runOnlyForDeploymentPostprocessing = 0;
		};
		9B0BBD6528CF4E4E00C6474C /* Sources */ = {
			isa = PBXSourcesBuildPhase;
			buildActionMask = 2147483647;
			files = (
				2F7CB16E28DA070100C3ED80 /* CategoryRow.swift in Sources */,
				2F9D559128DC48C300C7A722 /* Profile.swift in Sources */,
				9BF02C5928F06F66008C1428 /* LandmarkCommands.swift in Sources */,
				9B0BBD6F28CF4E4E00C6474C /* ContentView.swift in Sources */,
				2F7CB16C28D9FED900C3ED80 /* CategoryHome.swift in Sources */,
				2F38E33A28DDAB120018A373 /* FeatureCard.swift in Sources */,
				2F0899A928D9C3F4004DA24E /* HikeGraph.swift in Sources */,
				2F78B52A28D8B2D50000B435 /* Badge.swift in Sources */,
				9BCE26EB28CF7CDE00B5164C /* MapView.swift in Sources */,
				2F0899A828D9C3F4004DA24E /* GraphCapsule.swift in Sources */,
				9B0BBD6D28CF4E4E00C6474C /* LandmarksApp.swift in Sources */,
				2F38E33E28DDC5D40018A373 /* PageControl.swift in Sources */,
				9BF3588928D7C45A006335E6 /* FavoriteButton.swift in Sources */,
				9BD8C65D28DB849A00DF93C3 /* CategoryItem.swift in Sources */,
				2F0899AA28D9C3F4004DA24E /* HikeDetail.swift in Sources */,
				2F9D559828DC522600C7A722 /* ProfileSummary.swift in Sources */,
				2F78B52228D883880000B435 /* HexagonParameters.swift in Sources */,
				2F9D559628DC50A800C7A722 /* ProfileHost.swift in Sources */,
				2F0899A228D9B162004DA24E /* Hike.swift in Sources */,
				2F78B52828D8B10E0000B435 /* RotatedBadgeSymbol.swift in Sources */,
				2F38E33C28DDAE7C0018A373 /* PageView.swift in Sources */,
				2F78B52628D8AA6D0000B435 /* BadgeSymbol.swift in Sources */,
				2F212EAD28DC8C170060642E /* ProfileEditor.swift in Sources */,
				9B04ACC528D326B70069B8A0 /* LandmarkList.swift in Sources */,
				2F0899AB28D9C3F4004DA24E /* HikeView.swift in Sources */,
				9B04ACC728D32CCC0069B8A0 /* LandmarkDetail.swift in Sources */,
				2F38E33828DDA5990018A373 /* PageViewController.swift in Sources */,
				2F78B52428D888550000B435 /* BadgeBackground.swift in Sources */,
				2F9D559A28DC54D400C7A722 /* HikeBadge.swift in Sources */,
				9B0BBD7B28CF6D0400C6474C /* CircleImage.swift in Sources */,
				9B130DCB28D10A8900C80823 /* Landmark.swift in Sources */,
				9B4877A228D25F35006951FA /* LandmarkRow.swift in Sources */,
				9B48779D28D1E806006951FA /* ModelData.swift in Sources */,
			);
			runOnlyForDeploymentPostprocessing = 0;
		};
		9B469A2828F0189300943EA3 /* Sources */ = {
			isa = PBXSourcesBuildPhase;
			buildActionMask = 2147483647;
			files = (
				9B469A3C28F023EF00943EA3 /* Hike.swift in Sources */,
				9B469A4328F023EF00943EA3 /* MapView.swift in Sources */,
				9B42818328F190A100FB8B59 /* LandmarkSettings.swift in Sources */,
				9B469A4528F023EF00943EA3 /* ModelData.swift in Sources */,
				9B469A3128F0189300943EA3 /* ContentView.swift in Sources */,
				9BF02C5A28F06F66008C1428 /* LandmarkCommands.swift in Sources */,
				9B469A4928F028ED00943EA3 /* LandmarkDetail.swift in Sources */,
				9B469A3B28F023EF00943EA3 /* LandmarksApp.swift in Sources */,
				9B469A4028F023EF00943EA3 /* CircleImage.swift in Sources */,
				9B469A3F28F023EF00943EA3 /* FavoriteButton.swift in Sources */,
				9B469A3D28F023EF00943EA3 /* LandmarkList.swift in Sources */,
				9B469A4728F023EF00943EA3 /* Profile.swift in Sources */,
				9B469A4628F023EF00943EA3 /* LandmarkRow.swift in Sources */,
				9B469A3E28F023EF00943EA3 /* Landmark.swift in Sources */,
			);
			runOnlyForDeploymentPostprocessing = 0;
		};
/* End PBXSourcesBuildPhase section */

/* Begin PBXTargetDependency section */
		2FFE961228E31A590041E435 /* PBXTargetDependency */ = {
			isa = PBXTargetDependency;
			target = 2FFE960E28E31A590041E435 /* WatchLandmarks WatchKit Extension */;
			targetProxy = 2FFE961128E31A590041E435 /* PBXContainerItemProxy */;
		};
		2FFE962B28E31A5A0041E435 /* PBXTargetDependency */ = {
			isa = PBXTargetDependency;
			target = 2FFE960E28E31A590041E435 /* WatchLandmarks WatchKit Extension */;
			targetProxy = 2FFE962A28E31A5A0041E435 /* PBXContainerItemProxy */;
		};
		2FFE963528E31A5A0041E435 /* PBXTargetDependency */ = {
			isa = PBXTargetDependency;
			target = 2FFE960628E31A580041E435 /* WatchLandmarks */;
			targetProxy = 2FFE963428E31A5A0041E435 /* PBXContainerItemProxy */;
		};
		2FFE963C28E31A5A0041E435 /* PBXTargetDependency */ = {
			isa = PBXTargetDependency;
			target = 2FFE960628E31A580041E435 /* WatchLandmarks */;
			targetProxy = 2FFE963B28E31A5A0041E435 /* PBXContainerItemProxy */;
		};
/* End PBXTargetDependency section */

/* Begin XCBuildConfiguration section */
		2FFE963F28E31A5A0041E435 /* Debug */ = {
			isa = XCBuildConfiguration;
			buildSettings = {
				ALWAYS_EMBED_SWIFT_STANDARD_LIBRARIES = YES;
				ASSETCATALOG_COMPILER_APPICON_NAME = AppIcon;
				ASSETCATALOG_COMPILER_GLOBAL_ACCENT_COLOR_NAME = AccentColor;
				CLANG_CXX_LIBRARY = "libc++";
				CODE_SIGN_STYLE = Automatic;
				CURRENT_PROJECT_VERSION = 1;
				DEVELOPMENT_TEAM = 89LF288Q8X;
				GENERATE_INFOPLIST_FILE = YES;
				IBSC_MODULE = WatchLandmarks_WatchKit_Extension;
				INFOPLIST_KEY_CFBundleDisplayName = WatchLandmarks;
				INFOPLIST_KEY_UISupportedInterfaceOrientations = "UIInterfaceOrientationPortrait UIInterfaceOrientationPortraitUpsideDown";
				INFOPLIST_KEY_WKCompanionAppBundleIdentifier = com.piggyback13.Landmarks;
				MARKETING_VERSION = 1.0;
				PRODUCT_BUNDLE_IDENTIFIER = com.piggyback13.Landmarks.watchkitapp;
				PRODUCT_NAME = "$(TARGET_NAME)";
				SDKROOT = watchos;
				SKIP_INSTALL = YES;
				SWIFT_EMIT_LOC_STRINGS = YES;
				SWIFT_VERSION = 5.0;
				TARGETED_DEVICE_FAMILY = 4;
				WATCHOS_DEPLOYMENT_TARGET = 8.3;
			};
			name = Debug;
		};
		2FFE964028E31A5A0041E435 /* Release */ = {
			isa = XCBuildConfiguration;
			buildSettings = {
				ALWAYS_EMBED_SWIFT_STANDARD_LIBRARIES = YES;
				ASSETCATALOG_COMPILER_APPICON_NAME = AppIcon;
				ASSETCATALOG_COMPILER_GLOBAL_ACCENT_COLOR_NAME = AccentColor;
				CLANG_CXX_LIBRARY = "libc++";
				CODE_SIGN_STYLE = Automatic;
				CURRENT_PROJECT_VERSION = 1;
				DEVELOPMENT_TEAM = 89LF288Q8X;
				GENERATE_INFOPLIST_FILE = YES;
				IBSC_MODULE = WatchLandmarks_WatchKit_Extension;
				INFOPLIST_KEY_CFBundleDisplayName = WatchLandmarks;
				INFOPLIST_KEY_UISupportedInterfaceOrientations = "UIInterfaceOrientationPortrait UIInterfaceOrientationPortraitUpsideDown";
				INFOPLIST_KEY_WKCompanionAppBundleIdentifier = com.piggyback13.Landmarks;
				MARKETING_VERSION = 1.0;
				PRODUCT_BUNDLE_IDENTIFIER = com.piggyback13.Landmarks.watchkitapp;
				PRODUCT_NAME = "$(TARGET_NAME)";
				SDKROOT = watchos;
				SKIP_INSTALL = YES;
				SWIFT_EMIT_LOC_STRINGS = YES;
				SWIFT_VERSION = 5.0;
				TARGETED_DEVICE_FAMILY = 4;
				WATCHOS_DEPLOYMENT_TARGET = 8.3;
			};
			name = Release;
		};
		2FFE964228E31A5A0041E435 /* Debug */ = {
			isa = XCBuildConfiguration;
			buildSettings = {
				ASSETCATALOG_COMPILER_COMPLICATION_NAME = Complication;
				CLANG_CXX_LIBRARY = "libc++";
				CODE_SIGN_STYLE = Automatic;
				CURRENT_PROJECT_VERSION = 1;
				DEVELOPMENT_ASSET_PATHS = "\"WatchLandmarks WatchKit Extension/Preview Content\"";
				DEVELOPMENT_TEAM = 89LF288Q8X;
				ENABLE_PREVIEWS = YES;
				GENERATE_INFOPLIST_FILE = YES;
				INFOPLIST_FILE = "WatchLandmarks WatchKit Extension/Info.plist";
				INFOPLIST_KEY_CFBundleDisplayName = "WatchLandmarks WatchKit Extension";
				INFOPLIST_KEY_CLKComplicationPrincipalClass = WatchLandmarks_WatchKit_Extension.ComplicationController;
				INFOPLIST_KEY_NSHumanReadableCopyright = "";
				INFOPLIST_KEY_WKRunsIndependentlyOfCompanionApp = YES;
				LD_RUNPATH_SEARCH_PATHS = (
					"$(inherited)",
					"@executable_path/Frameworks",
					"@executable_path/../../Frameworks",
				);
				MARKETING_VERSION = 1.0;
				PRODUCT_BUNDLE_IDENTIFIER = com.piggyback13.Landmarks.watchkitapp.watchkitextension;
				PRODUCT_NAME = "${TARGET_NAME}";
				SDKROOT = watchos;
				SKIP_INSTALL = YES;
				SWIFT_EMIT_LOC_STRINGS = YES;
				SWIFT_VERSION = 5.0;
				TARGETED_DEVICE_FAMILY = 4;
				WATCHOS_DEPLOYMENT_TARGET = 8.3;
			};
			name = Debug;
		};
		2FFE964328E31A5A0041E435 /* Release */ = {
			isa = XCBuildConfiguration;
			buildSettings = {
				ASSETCATALOG_COMPILER_COMPLICATION_NAME = Complication;
				CLANG_CXX_LIBRARY = "libc++";
				CODE_SIGN_STYLE = Automatic;
				CURRENT_PROJECT_VERSION = 1;
				DEVELOPMENT_ASSET_PATHS = "\"WatchLandmarks WatchKit Extension/Preview Content\"";
				DEVELOPMENT_TEAM = 89LF288Q8X;
				ENABLE_PREVIEWS = YES;
				GENERATE_INFOPLIST_FILE = YES;
				INFOPLIST_FILE = "WatchLandmarks WatchKit Extension/Info.plist";
				INFOPLIST_KEY_CFBundleDisplayName = "WatchLandmarks WatchKit Extension";
				INFOPLIST_KEY_CLKComplicationPrincipalClass = WatchLandmarks_WatchKit_Extension.ComplicationController;
				INFOPLIST_KEY_NSHumanReadableCopyright = "";
				INFOPLIST_KEY_WKRunsIndependentlyOfCompanionApp = YES;
				LD_RUNPATH_SEARCH_PATHS = (
					"$(inherited)",
					"@executable_path/Frameworks",
					"@executable_path/../../Frameworks",
				);
				MARKETING_VERSION = 1.0;
				PRODUCT_BUNDLE_IDENTIFIER = com.piggyback13.Landmarks.watchkitapp.watchkitextension;
				PRODUCT_NAME = "${TARGET_NAME}";
				SDKROOT = watchos;
				SKIP_INSTALL = YES;
				SWIFT_EMIT_LOC_STRINGS = YES;
				SWIFT_VERSION = 5.0;
				TARGETED_DEVICE_FAMILY = 4;
				WATCHOS_DEPLOYMENT_TARGET = 8.3;
			};
			name = Release;
		};
		2FFE964428E31A5A0041E435 /* Debug */ = {
			isa = XCBuildConfiguration;
			buildSettings = {
				ALWAYS_EMBED_SWIFT_STANDARD_LIBRARIES = YES;
				BUNDLE_LOADER = "$(TEST_HOST)";
				CLANG_CXX_LIBRARY = "libc++";
				CODE_SIGN_STYLE = Automatic;
				CURRENT_PROJECT_VERSION = 1;
				DEVELOPMENT_TEAM = 89LF288Q8X;
				GENERATE_INFOPLIST_FILE = YES;
				MARKETING_VERSION = 1.0;
				PRODUCT_BUNDLE_IDENTIFIER = com.piggyback13.Landmarks.WatchLandmarksTests;
				PRODUCT_NAME = "$(TARGET_NAME)";
				SDKROOT = watchos;
				SWIFT_EMIT_LOC_STRINGS = NO;
				SWIFT_VERSION = 5.0;
				TARGETED_DEVICE_FAMILY = 4;
				TEST_HOST = "$(BUILT_PRODUCTS_DIR)/WatchLandmarks WatchKit Extension.appex/WatchLandmarks WatchKit Extension";
				WATCHOS_DEPLOYMENT_TARGET = 8.3;
			};
			name = Debug;
		};
		2FFE964528E31A5A0041E435 /* Release */ = {
			isa = XCBuildConfiguration;
			buildSettings = {
				ALWAYS_EMBED_SWIFT_STANDARD_LIBRARIES = YES;
				BUNDLE_LOADER = "$(TEST_HOST)";
				CLANG_CXX_LIBRARY = "libc++";
				CODE_SIGN_STYLE = Automatic;
				CURRENT_PROJECT_VERSION = 1;
				DEVELOPMENT_TEAM = 89LF288Q8X;
				GENERATE_INFOPLIST_FILE = YES;
				MARKETING_VERSION = 1.0;
				PRODUCT_BUNDLE_IDENTIFIER = com.piggyback13.Landmarks.WatchLandmarksTests;
				PRODUCT_NAME = "$(TARGET_NAME)";
				SDKROOT = watchos;
				SWIFT_EMIT_LOC_STRINGS = NO;
				SWIFT_VERSION = 5.0;
				TARGETED_DEVICE_FAMILY = 4;
				TEST_HOST = "$(BUILT_PRODUCTS_DIR)/WatchLandmarks WatchKit Extension.appex/WatchLandmarks WatchKit Extension";
				WATCHOS_DEPLOYMENT_TARGET = 8.3;
			};
			name = Release;
		};
		2FFE964628E31A5A0041E435 /* Debug */ = {
			isa = XCBuildConfiguration;
			buildSettings = {
				CLANG_CXX_LIBRARY = "libc++";
				CODE_SIGN_STYLE = Automatic;
				CURRENT_PROJECT_VERSION = 1;
				DEVELOPMENT_TEAM = 89LF288Q8X;
				GENERATE_INFOPLIST_FILE = YES;
				MARKETING_VERSION = 1.0;
				PRODUCT_BUNDLE_IDENTIFIER = com.piggyback13.Landmarks.WatchLandmarksUITests;
				PRODUCT_NAME = "$(TARGET_NAME)";
				SDKROOT = watchos;
				SWIFT_EMIT_LOC_STRINGS = NO;
				SWIFT_VERSION = 5.0;
				TARGETED_DEVICE_FAMILY = 4;
				TEST_TARGET_NAME = WatchLandmarks;
				WATCHOS_DEPLOYMENT_TARGET = 8.3;
			};
			name = Debug;
		};
		2FFE964728E31A5A0041E435 /* Release */ = {
			isa = XCBuildConfiguration;
			buildSettings = {
				CLANG_CXX_LIBRARY = "libc++";
				CODE_SIGN_STYLE = Automatic;
				CURRENT_PROJECT_VERSION = 1;
				DEVELOPMENT_TEAM = 89LF288Q8X;
				GENERATE_INFOPLIST_FILE = YES;
				MARKETING_VERSION = 1.0;
				PRODUCT_BUNDLE_IDENTIFIER = com.piggyback13.Landmarks.WatchLandmarksUITests;
				PRODUCT_NAME = "$(TARGET_NAME)";
				SDKROOT = watchos;
				SWIFT_EMIT_LOC_STRINGS = NO;
				SWIFT_VERSION = 5.0;
				TARGETED_DEVICE_FAMILY = 4;
				TEST_TARGET_NAME = WatchLandmarks;
				WATCHOS_DEPLOYMENT_TARGET = 8.3;
			};
			name = Release;
		};
		9B0BBD7528CF4E4F00C6474C /* Debug */ = {
			isa = XCBuildConfiguration;
			buildSettings = {
				ALWAYS_SEARCH_USER_PATHS = NO;
				CLANG_ANALYZER_NONNULL = YES;
				CLANG_ANALYZER_NUMBER_OBJECT_CONVERSION = YES_AGGRESSIVE;
				CLANG_CXX_LANGUAGE_STANDARD = "gnu++17";
				CLANG_ENABLE_MODULES = YES;
				CLANG_ENABLE_OBJC_ARC = YES;
				CLANG_ENABLE_OBJC_WEAK = YES;
				CLANG_WARN_BLOCK_CAPTURE_AUTORELEASING = YES;
				CLANG_WARN_BOOL_CONVERSION = YES;
				CLANG_WARN_COMMA = YES;
				CLANG_WARN_CONSTANT_CONVERSION = YES;
				CLANG_WARN_DEPRECATED_OBJC_IMPLEMENTATIONS = YES;
				CLANG_WARN_DIRECT_OBJC_ISA_USAGE = YES_ERROR;
				CLANG_WARN_DOCUMENTATION_COMMENTS = YES;
				CLANG_WARN_EMPTY_BODY = YES;
				CLANG_WARN_ENUM_CONVERSION = YES;
				CLANG_WARN_INFINITE_RECURSION = YES;
				CLANG_WARN_INT_CONVERSION = YES;
				CLANG_WARN_NON_LITERAL_NULL_CONVERSION = YES;
				CLANG_WARN_OBJC_IMPLICIT_RETAIN_SELF = YES;
				CLANG_WARN_OBJC_LITERAL_CONVERSION = YES;
				CLANG_WARN_OBJC_ROOT_CLASS = YES_ERROR;
				CLANG_WARN_QUOTED_INCLUDE_IN_FRAMEWORK_HEADER = YES;
				CLANG_WARN_RANGE_LOOP_ANALYSIS = YES;
				CLANG_WARN_STRICT_PROTOTYPES = YES;
				CLANG_WARN_SUSPICIOUS_MOVE = YES;
				CLANG_WARN_UNGUARDED_AVAILABILITY = YES_AGGRESSIVE;
				CLANG_WARN_UNREACHABLE_CODE = YES;
				CLANG_WARN__DUPLICATE_METHOD_MATCH = YES;
				COPY_PHASE_STRIP = NO;
				DEBUG_INFORMATION_FORMAT = dwarf;
				ENABLE_STRICT_OBJC_MSGSEND = YES;
				ENABLE_TESTABILITY = YES;
				GCC_C_LANGUAGE_STANDARD = gnu11;
				GCC_DYNAMIC_NO_PIC = NO;
				GCC_NO_COMMON_BLOCKS = YES;
				GCC_OPTIMIZATION_LEVEL = 0;
				GCC_PREPROCESSOR_DEFINITIONS = (
					"DEBUG=1",
					"$(inherited)",
				);
				GCC_WARN_64_TO_32_BIT_CONVERSION = YES;
				GCC_WARN_ABOUT_RETURN_TYPE = YES_ERROR;
				GCC_WARN_UNDECLARED_SELECTOR = YES;
				GCC_WARN_UNINITIALIZED_AUTOS = YES_AGGRESSIVE;
				GCC_WARN_UNUSED_FUNCTION = YES;
				GCC_WARN_UNUSED_VARIABLE = YES;
				IPHONEOS_DEPLOYMENT_TARGET = 15.5;
				MTL_ENABLE_DEBUG_INFO = INCLUDE_SOURCE;
				MTL_FAST_MATH = YES;
				ONLY_ACTIVE_ARCH = YES;
				SDKROOT = iphoneos;
				SWIFT_ACTIVE_COMPILATION_CONDITIONS = DEBUG;
				SWIFT_OPTIMIZATION_LEVEL = "-Onone";
			};
			name = Debug;
		};
		9B0BBD7628CF4E4F00C6474C /* Release */ = {
			isa = XCBuildConfiguration;
			buildSettings = {
				ALWAYS_SEARCH_USER_PATHS = NO;
				CLANG_ANALYZER_NONNULL = YES;
				CLANG_ANALYZER_NUMBER_OBJECT_CONVERSION = YES_AGGRESSIVE;
				CLANG_CXX_LANGUAGE_STANDARD = "gnu++17";
				CLANG_ENABLE_MODULES = YES;
				CLANG_ENABLE_OBJC_ARC = YES;
				CLANG_ENABLE_OBJC_WEAK = YES;
				CLANG_WARN_BLOCK_CAPTURE_AUTORELEASING = YES;
				CLANG_WARN_BOOL_CONVERSION = YES;
				CLANG_WARN_COMMA = YES;
				CLANG_WARN_CONSTANT_CONVERSION = YES;
				CLANG_WARN_DEPRECATED_OBJC_IMPLEMENTATIONS = YES;
				CLANG_WARN_DIRECT_OBJC_ISA_USAGE = YES_ERROR;
				CLANG_WARN_DOCUMENTATION_COMMENTS = YES;
				CLANG_WARN_EMPTY_BODY = YES;
				CLANG_WARN_ENUM_CONVERSION = YES;
				CLANG_WARN_INFINITE_RECURSION = YES;
				CLANG_WARN_INT_CONVERSION = YES;
				CLANG_WARN_NON_LITERAL_NULL_CONVERSION = YES;
				CLANG_WARN_OBJC_IMPLICIT_RETAIN_SELF = YES;
				CLANG_WARN_OBJC_LITERAL_CONVERSION = YES;
				CLANG_WARN_OBJC_ROOT_CLASS = YES_ERROR;
				CLANG_WARN_QUOTED_INCLUDE_IN_FRAMEWORK_HEADER = YES;
				CLANG_WARN_RANGE_LOOP_ANALYSIS = YES;
				CLANG_WARN_STRICT_PROTOTYPES = YES;
				CLANG_WARN_SUSPICIOUS_MOVE = YES;
				CLANG_WARN_UNGUARDED_AVAILABILITY = YES_AGGRESSIVE;
				CLANG_WARN_UNREACHABLE_CODE = YES;
				CLANG_WARN__DUPLICATE_METHOD_MATCH = YES;
				COPY_PHASE_STRIP = NO;
				DEBUG_INFORMATION_FORMAT = "dwarf-with-dsym";
				ENABLE_NS_ASSERTIONS = NO;
				ENABLE_STRICT_OBJC_MSGSEND = YES;
				GCC_C_LANGUAGE_STANDARD = gnu11;
				GCC_NO_COMMON_BLOCKS = YES;
				GCC_WARN_64_TO_32_BIT_CONVERSION = YES;
				GCC_WARN_ABOUT_RETURN_TYPE = YES_ERROR;
				GCC_WARN_UNDECLARED_SELECTOR = YES;
				GCC_WARN_UNINITIALIZED_AUTOS = YES_AGGRESSIVE;
				GCC_WARN_UNUSED_FUNCTION = YES;
				GCC_WARN_UNUSED_VARIABLE = YES;
				IPHONEOS_DEPLOYMENT_TARGET = 15.5;
				MTL_ENABLE_DEBUG_INFO = NO;
				MTL_FAST_MATH = YES;
				SDKROOT = iphoneos;
				SWIFT_COMPILATION_MODE = wholemodule;
				SWIFT_OPTIMIZATION_LEVEL = "-O";
				VALIDATE_PRODUCT = YES;
			};
			name = Release;
		};
		9B0BBD7828CF4E4F00C6474C /* Debug */ = {
			isa = XCBuildConfiguration;
			buildSettings = {
				ASSETCATALOG_COMPILER_APPICON_NAME = AppIcon;
				ASSETCATALOG_COMPILER_GLOBAL_ACCENT_COLOR_NAME = AccentColor;
				CODE_SIGN_STYLE = Automatic;
				CURRENT_PROJECT_VERSION = 1;
				DEVELOPMENT_ASSET_PATHS = "\"Landmarks/Preview Content\"";
				DEVELOPMENT_TEAM = 89LF288Q8X;
				ENABLE_PREVIEWS = YES;
				GENERATE_INFOPLIST_FILE = YES;
				INFOPLIST_KEY_UIApplicationSceneManifest_Generation = YES;
				INFOPLIST_KEY_UIApplicationSupportsIndirectInputEvents = YES;
				INFOPLIST_KEY_UILaunchScreen_Generation = YES;
				INFOPLIST_KEY_UISupportedInterfaceOrientations_iPad = "UIInterfaceOrientationPortrait UIInterfaceOrientationPortraitUpsideDown UIInterfaceOrientationLandscapeLeft UIInterfaceOrientationLandscapeRight";
				INFOPLIST_KEY_UISupportedInterfaceOrientations_iPhone = "UIInterfaceOrientationPortrait UIInterfaceOrientationLandscapeLeft UIInterfaceOrientationLandscapeRight";
				IPHONEOS_DEPLOYMENT_TARGET = 15.2;
				LD_RUNPATH_SEARCH_PATHS = (
					"$(inherited)",
					"@executable_path/Frameworks",
				);
				MARKETING_VERSION = 1.0;
				PRODUCT_BUNDLE_IDENTIFIER = com.piggyback13.Landmarks;
				PRODUCT_NAME = "$(TARGET_NAME)";
				SWIFT_EMIT_LOC_STRINGS = YES;
				SWIFT_VERSION = 5.0;
				TARGETED_DEVICE_FAMILY = "1,2";
			};
			name = Debug;
		};
		9B0BBD7928CF4E4F00C6474C /* Release */ = {
			isa = XCBuildConfiguration;
			buildSettings = {
				ASSETCATALOG_COMPILER_APPICON_NAME = AppIcon;
				ASSETCATALOG_COMPILER_GLOBAL_ACCENT_COLOR_NAME = AccentColor;
				CODE_SIGN_STYLE = Automatic;
				CURRENT_PROJECT_VERSION = 1;
				DEVELOPMENT_ASSET_PATHS = "\"Landmarks/Preview Content\"";
				DEVELOPMENT_TEAM = 89LF288Q8X;
				ENABLE_PREVIEWS = YES;
				GENERATE_INFOPLIST_FILE = YES;
				INFOPLIST_KEY_UIApplicationSceneManifest_Generation = YES;
				INFOPLIST_KEY_UIApplicationSupportsIndirectInputEvents = YES;
				INFOPLIST_KEY_UILaunchScreen_Generation = YES;
				INFOPLIST_KEY_UISupportedInterfaceOrientations_iPad = "UIInterfaceOrientationPortrait UIInterfaceOrientationPortraitUpsideDown UIInterfaceOrientationLandscapeLeft UIInterfaceOrientationLandscapeRight";
				INFOPLIST_KEY_UISupportedInterfaceOrientations_iPhone = "UIInterfaceOrientationPortrait UIInterfaceOrientationLandscapeLeft UIInterfaceOrientationLandscapeRight";
				IPHONEOS_DEPLOYMENT_TARGET = 15.2;
				LD_RUNPATH_SEARCH_PATHS = (
					"$(inherited)",
					"@executable_path/Frameworks",
				);
				MARKETING_VERSION = 1.0;
				PRODUCT_BUNDLE_IDENTIFIER = com.piggyback13.Landmarks;
				PRODUCT_NAME = "$(TARGET_NAME)";
				SWIFT_EMIT_LOC_STRINGS = YES;
				SWIFT_VERSION = 5.0;
				TARGETED_DEVICE_FAMILY = "1,2";
			};
			name = Release;
		};
		9B469A3828F0189300943EA3 /* Debug */ = {
			isa = XCBuildConfiguration;
			buildSettings = {
				ASSETCATALOG_COMPILER_APPICON_NAME = AppIcon;
				ASSETCATALOG_COMPILER_GLOBAL_ACCENT_COLOR_NAME = AccentColor;
				CLANG_CXX_LANGUAGE_STANDARD = "gnu++20";
				CODE_SIGN_ENTITLEMENTS = MacLandmarks/MacLandmarks.entitlements;
				"CODE_SIGN_IDENTITY[sdk=macosx*]" = "Apple Development";
				CODE_SIGN_STYLE = Automatic;
				COMBINE_HIDPI_IMAGES = YES;
				CURRENT_PROJECT_VERSION = 1;
				DEVELOPMENT_ASSET_PATHS = "\"MacLandmarks/Preview Content\"";
				DEVELOPMENT_TEAM = 89LF288Q8X;
				ENABLE_HARDENED_RUNTIME = YES;
				ENABLE_PREVIEWS = YES;
				GENERATE_INFOPLIST_FILE = YES;
				INFOPLIST_KEY_NSHumanReadableCopyright = "";
				LD_RUNPATH_SEARCH_PATHS = (
					"$(inherited)",
					"@executable_path/../Frameworks",
				);
				MACOSX_DEPLOYMENT_TARGET = 12.3;
				MARKETING_VERSION = 1.0;
				PRODUCT_BUNDLE_IDENTIFIER = com.piggyback13.MacLandmarks;
				PRODUCT_NAME = "$(TARGET_NAME)";
				SDKROOT = macosx;
				SWIFT_EMIT_LOC_STRINGS = YES;
				SWIFT_VERSION = 5.0;
			};
			name = Debug;
		};
		9B469A3928F0189300943EA3 /* Release */ = {
			isa = XCBuildConfiguration;
			buildSettings = {
				ASSETCATALOG_COMPILER_APPICON_NAME = AppIcon;
				ASSETCATALOG_COMPILER_GLOBAL_ACCENT_COLOR_NAME = AccentColor;
				CLANG_CXX_LANGUAGE_STANDARD = "gnu++20";
				CODE_SIGN_ENTITLEMENTS = MacLandmarks/MacLandmarks.entitlements;
				"CODE_SIGN_IDENTITY[sdk=macosx*]" = "Apple Development";
				CODE_SIGN_STYLE = Automatic;
				COMBINE_HIDPI_IMAGES = YES;
				CURRENT_PROJECT_VERSION = 1;
				DEVELOPMENT_ASSET_PATHS = "\"MacLandmarks/Preview Content\"";
				DEVELOPMENT_TEAM = 89LF288Q8X;
				ENABLE_HARDENED_RUNTIME = YES;
				ENABLE_PREVIEWS = YES;
				GENERATE_INFOPLIST_FILE = YES;
				INFOPLIST_KEY_NSHumanReadableCopyright = "";
				LD_RUNPATH_SEARCH_PATHS = (
					"$(inherited)",
					"@executable_path/../Frameworks",
				);
				MACOSX_DEPLOYMENT_TARGET = 12.3;
				MARKETING_VERSION = 1.0;
				PRODUCT_BUNDLE_IDENTIFIER = com.piggyback13.MacLandmarks;
				PRODUCT_NAME = "$(TARGET_NAME)";
				SDKROOT = macosx;
				SWIFT_EMIT_LOC_STRINGS = YES;
				SWIFT_VERSION = 5.0;
			};
			name = Release;
		};
/* End XCBuildConfiguration section */

/* Begin XCConfigurationList section */
		2FFE964828E31A5A0041E435 /* Build configuration list for PBXNativeTarget "WatchLandmarks WatchKit Extension" */ = {
			isa = XCConfigurationList;
			buildConfigurations = (
				2FFE964228E31A5A0041E435 /* Debug */,
				2FFE964328E31A5A0041E435 /* Release */,
			);
			defaultConfigurationIsVisible = 0;
			defaultConfigurationName = Release;
		};
		2FFE964928E31A5A0041E435 /* Build configuration list for PBXNativeTarget "WatchLandmarks" */ = {
			isa = XCConfigurationList;
			buildConfigurations = (
				2FFE963F28E31A5A0041E435 /* Debug */,
				2FFE964028E31A5A0041E435 /* Release */,
			);
			defaultConfigurationIsVisible = 0;
			defaultConfigurationName = Release;
		};
		2FFE964A28E31A5A0041E435 /* Build configuration list for PBXNativeTarget "WatchLandmarksTests" */ = {
			isa = XCConfigurationList;
			buildConfigurations = (
				2FFE964428E31A5A0041E435 /* Debug */,
				2FFE964528E31A5A0041E435 /* Release */,
			);
			defaultConfigurationIsVisible = 0;
			defaultConfigurationName = Release;
		};
		2FFE964B28E31A5A0041E435 /* Build configuration list for PBXNativeTarget "WatchLandmarksUITests" */ = {
			isa = XCConfigurationList;
			buildConfigurations = (
				2FFE964628E31A5A0041E435 /* Debug */,
				2FFE964728E31A5A0041E435 /* Release */,
			);
			defaultConfigurationIsVisible = 0;
			defaultConfigurationName = Release;
		};
		9B0BBD6428CF4E4E00C6474C /* Build configuration list for PBXProject "Landmarks" */ = {
			isa = XCConfigurationList;
			buildConfigurations = (
				9B0BBD7528CF4E4F00C6474C /* Debug */,
				9B0BBD7628CF4E4F00C6474C /* Release */,
			);
			defaultConfigurationIsVisible = 0;
			defaultConfigurationName = Release;
		};
		9B0BBD7728CF4E4F00C6474C /* Build configuration list for PBXNativeTarget "Landmarks" */ = {
			isa = XCConfigurationList;
			buildConfigurations = (
				9B0BBD7828CF4E4F00C6474C /* Debug */,
				9B0BBD7928CF4E4F00C6474C /* Release */,
			);
			defaultConfigurationIsVisible = 0;
			defaultConfigurationName = Release;
		};
		9B469A3A28F0189300943EA3 /* Build configuration list for PBXNativeTarget "MacLandmarks" */ = {
			isa = XCConfigurationList;
			buildConfigurations = (
				9B469A3828F0189300943EA3 /* Debug */,
				9B469A3928F0189300943EA3 /* Release */,
			);
			defaultConfigurationIsVisible = 0;
			defaultConfigurationName = Release;
		};
/* End XCConfigurationList section */
	};
	rootObject = 9B0BBD6128CF4E4E00C6474C /* Project object */;
}
